{
  "requires": true,
  "lockfileVersion": 1,
  "dependencies": {
    "animejs": {
      "version": "3.0.1",
      "resolved": "https://registry.npmjs.org/animejs/-/animejs-3.0.1.tgz",
      "integrity": "sha512-7mMoBQScvA7s4zm3EVgnuXXrtOu6TJNAhU+Ajo7HsXYH0NwbuZIcRHMO65a9NyUlmAXz4VPxlK5cENNOQbCi8g=="
    },
    "gsap": {
      "version": "2.1.2",
      "resolved": "https://registry.npmjs.org/gsap/-/gsap-2.1.2.tgz",
      "integrity": "sha512-7saMzK2HQ3OD4/hbygtkh0uAK8LUqcom6abL4YqGttyxAQdEvywQOw5VK3obKQ7GaLU8KhszArKJPxIKe8mbvg=="
    }
  }
}
